
Microsoft Visual Studio Solution File, Format Version 12.00
# Visual Studio 15
Project("{FAE04EC0-301F-11D3-BF4B-00C04F79EFBC}") = "Closetheworld.Auth0.Sample", "Closetheworld.Auth0.Sample.csproj", "{462B0484-25E0-4140-BF09-C88965683AC7}"
EndProject
Global
	GlobalSection(SolutionConfigurationPlatforms) = preSolution
		Debug|Any CPU = Debug|Any CPU
		Release|Any CPU = Release|Any CPU
	EndGlobalSection
	GlobalSection(ProjectConfigurationPlatforms) = postSolution
		{462B0484-25E0-4140-BF09-C88965683AC7}.Debug|Any CPU.ActiveCfg = Debug|Any CPU
		{462B0484-25E0-4140-BF09-C88965683AC7}.Debug|Any CPU.Build.0 = Debug|Any CPU
		{462B0484-25E0-4140-BF09-C88965683AC7}.Release|Any CPU.ActiveCfg = Release|Any CPU
		{462B0484-25E0-4140-BF09-C88965683AC7}.Release|Any CPU.Build.0 = Release|Any CPU
	EndGlobalSection
EndGlobal
